
Microsoft Visual Studio Solution File, Format Version 12.00
Project("{2150E333-8FDC-42A3-9474-1A3956D46DE8}") = "Solution Items", "Solution Items", "{EEEEEEEE-EEEE-EEEE-EEEE-EEEEEEEEEEEE}"
	ProjectSection(SolutionItems) = preProject
		.gitignore = .gitignore
		Readme.md = Readme.md
		build\appsettings.json = build\appsettings.json
	EndProjectSection
EndProject
Project("{2150E333-8FDC-42A3-9474-1A3956D46DE8}") = "Automation", "Automation", "{FFFFFFFF-FFFF-FFFF-FFFF-FFFFFFFFFFFF}"
EndProject
Project("{55D39587-8CC5-462D-A8F8-6304BF89DD69}") = "Build", "build\Build.csproj", "{055DF34C-7504-4FEE-9E0E-3A9E60BBC7D6}"
EndProject
Project("{55D39587-8CC5-462D-A8F8-6304BF89DD69}") = "Installer", "install\Installer.csproj", "{AE4E397D-4A58-4E96-AF24-007CCE229CCF}"
EndProject
Project("{2150E333-8FDC-42A3-9474-1A3956D46DE8}") = "source", "source", "{B8EFCA5F-814F-285C-A8CB-F00F14650265}"
EndProject
Project("{FAE04EC0-301F-11D3-BF4B-00C04F79EFBC}") = "Transom", "source\Transom\Transom.csproj", "{9943628A-2341-4CC3-B284-FAF94DCEBE1B}"
EndProject
Project("{FAE04EC0-301F-11D3-BF4B-00C04F79EFBC}") = "Transom.McpShim", "source\Transom.McpShim\Transom.McpShim.csproj", "{2B7C2AE4-932C-4F40-BCE8-191C4FD27FD5}"
EndProject
Project("{FAE04EC0-301F-11D3-BF4B-00C04F79EFBC}") = "Transom.ClickHelper", "source\Transom.ClickHelper\Transom.ClickHelper.csproj", "{69C0A588-127D-4AF3-9DDB-1303CE87BFCC}"
EndProject
Project("{FAE04EC0-301F-11D3-BF4B-00C04F79EFBC}") = "Transom.ClickHelper.Mcp", "source\Transom.ClickHelper.Mcp\Transom.ClickHelper.Mcp.csproj", "{91990884-AD05-47EE-B82D-BFDC029C3EED}"
EndProject
Global
	GlobalSection(SolutionConfigurationPlatforms) = preSolution
		Debug.R23|Any CPU = Debug.R23|Any CPU
		Debug.R23|x64 = Debug.R23|x64
		Debug.R23|x86 = Debug.R23|x86
		Debug.R24|Any CPU = Debug.R24|Any CPU
		Debug.R24|x64 = Debug.R24|x64
		Debug.R24|x86 = Debug.R24|x86
		Debug.R25|Any CPU = Debug.R25|Any CPU
		Debug.R25|x64 = Debug.R25|x64
		Debug.R25|x86 = Debug.R25|x86
		Debug.R26|Any CPU = Debug.R26|Any CPU
		Debug.R26|x64 = Debug.R26|x64
		Debug.R26|x86 = Debug.R26|x86
		Debug.R27|Any CPU = Debug.R27|Any CPU
		Debug.R27|x64 = Debug.R27|x64
		Debug.R27|x86 = Debug.R27|x86
		Release.R23|Any CPU = Release.R23|Any CPU
		Release.R23|x64 = Release.R23|x64
		Release.R23|x86 = Release.R23|x86
		Release.R24|Any CPU = Release.R24|Any CPU
		Release.R24|x64 = Release.R24|x64
		Release.R24|x86 = Release.R24|x86
		Release.R25|Any CPU = Release.R25|Any CPU
		Release.R25|x64 = Release.R25|x64
		Release.R25|x86 = Release.R25|x86
		Release.R26|Any CPU = Release.R26|Any CPU
		Release.R26|x64 = Release.R26|x64
		Release.R26|x86 = Release.R26|x86
		Release.R27|Any CPU = Release.R27|Any CPU
		Release.R27|x64 = Release.R27|x64
		Release.R27|x86 = Release.R27|x86
		Debug|Any CPU = Debug|Any CPU
		Debug|x64 = Debug|x64
		Debug|x86 = Debug|x86
		Release|Any CPU = Release|Any CPU
		Release|x64 = Release|x64
		Release|x86 = Release|x86
	EndGlobalSection
	GlobalSection(ProjectConfigurationPlatforms) = postSolution
		{055DF34C-7504-4FEE-9E0E-3A9E60BBC7D6}.Debug.R23|Any CPU.ActiveCfg = Debug|Any CPU
		{055DF34C-7504-4FEE-9E0E-3A9E60BBC7D6}.Debug.R23|x64.ActiveCfg = Debug.R23|x64
		{055DF34C-7504-4FEE-9E0E-3A9E60BBC7D6}.Debug.R23|x64.Build.0 = Debug.R23|x64
		{055DF34C-7504-4FEE-9E0E-3A9E60BBC7D6}.Debug.R23|x86.ActiveCfg = Debug.R23|x86
		{055DF34C-7504-4FEE-9E0E-3A9E60BBC7D6}.Debug.R23|x86.Build.0 = Debug.R23|x86
		{055DF34C-7504-4FEE-9E0E-3A9E60BBC7D6}.Debug.R24|Any CPU.ActiveCfg = Debug|Any CPU
		{055DF34C-7504-4FEE-9E0E-3A9E60BBC7D6}.Debug.R24|x64.ActiveCfg = Debug.R24|x64
		{055DF34C-7504-4FEE-9E0E-3A9E60BBC7D6}.Debug.R24|x64.Build.0 = Debug.R24|x64
		{055DF34C-7504-4FEE-9E0E-3A9E60BBC7D6}.Debug.R24|x86.ActiveCfg = Debug.R24|x86
		{055DF34C-7504-4FEE-9E0E-3A9E60BBC7D6}.Debug.R24|x86.Build.0 = Debug.R24|x86
		{055DF34C-7504-4FEE-9E0E-3A9E60BBC7D6}.Debug.R25|Any CPU.ActiveCfg = Debug|Any CPU
		{055DF34C-7504-4FEE-9E0E-3A9E60BBC7D6}.Debug.R25|x64.ActiveCfg = Debug.R25|x64
		{055DF34C-7504-4FEE-9E0E-3A9E60BBC7D6}.Debug.R25|x64.Build.0 = Debug.R25|x64
		{055DF34C-7504-4FEE-9E0E-3A9E60BBC7D6}.Debug.R25|x86.ActiveCfg = Debug.R25|x86
		{055DF34C-7504-4FEE-9E0E-3A9E60BBC7D6}.Debug.R25|x86.Build.0 = Debug.R25|x86
		{055DF34C-7504-4FEE-9E0E-3A9E60BBC7D6}.Debug.R26|Any CPU.ActiveCfg = Debug|Any CPU
		{055DF34C-7504-4FEE-9E0E-3A9E60BBC7D6}.Debug.R26|x64.ActiveCfg = Debug.R26|x64
		{055DF34C-7504-4FEE-9E0E-3A9E60BBC7D6}.Debug.R26|x64.Build.0 = Debug.R26|x64
		{055DF34C-7504-4FEE-9E0E-3A9E60BBC7D6}.Debug.R26|x86.ActiveCfg = Debug.R26|x86
		{055DF34C-7504-4FEE-9E0E-3A9E60BBC7D6}.Debug.R26|x86.Build.0 = Debug.R26|x86
		{055DF34C-7504-4FEE-9E0E-3A9E60BBC7D6}.Debug.R27|Any CPU.ActiveCfg = Debug|Any CPU
		{055DF34C-7504-4FEE-9E0E-3A9E60BBC7D6}.Debug.R27|x64.ActiveCfg = Debug.R27|x64
		{055DF34C-7504-4FEE-9E0E-3A9E60BBC7D6}.Debug.R27|x64.Build.0 = Debug.R27|x64
		{055DF34C-7504-4FEE-9E0E-3A9E60BBC7D6}.Debug.R27|x86.ActiveCfg = Debug.R27|x86
		{055DF34C-7504-4FEE-9E0E-3A9E60BBC7D6}.Debug.R27|x86.Build.0 = Debug.R27|x86
		{055DF34C-7504-4FEE-9E0E-3A9E60BBC7D6}.Release.R23|Any CPU.ActiveCfg = Release|Any CPU
		{055DF34C-7504-4FEE-9E0E-3A9E60BBC7D6}.Release.R23|x64.ActiveCfg = Release.R23|x64
		{055DF34C-7504-4FEE-9E0E-3A9E60BBC7D6}.Release.R23|x64.Build.0 = Release.R23|x64
		{055DF34C-7504-4FEE-9E0E-3A9E60BBC7D6}.Release.R23|x86.ActiveCfg = Release.R23|x86
		{055DF34C-7504-4FEE-9E0E-3A9E60BBC7D6}.Release.R23|x86.Build.0 = Release.R23|x86
		{055DF34C-7504-4FEE-9E0E-3A9E60BBC7D6}.Release.R24|Any CPU.ActiveCfg = Release|Any CPU
		{055DF34C-7504-4FEE-9E0E-3A9E60BBC7D6}.Release.R24|x64.ActiveCfg = Release.R24|x64
		{055DF34C-7504-4FEE-9E0E-3A9E60BBC7D6}.Release.R24|x64.Build.0 = Release.R24|x64
		{055DF34C-7504-4FEE-9E0E-3A9E60BBC7D6}.Release.R24|x86.ActiveCfg = Release.R24|x86
		{055DF34C-7504-4FEE-9E0E-3A9E60BBC7D6}.Release.R24|x86.Build.0 = Release.R24|x86
		{055DF34C-7504-4FEE-9E0E-3A9E60BBC7D6}.Release.R25|Any CPU.ActiveCfg = Release|Any CPU
		{055DF34C-7504-4FEE-9E0E-3A9E60BBC7D6}.Release.R25|x64.ActiveCfg = Release.R25|x64
		{055DF34C-7504-4FEE-9E0E-3A9E60BBC7D6}.Release.R25|x64.Build.0 = Release.R25|x64
		{055DF34C-7504-4FEE-9E0E-3A9E60BBC7D6}.Release.R25|x86.ActiveCfg = Release.R25|x86
		{055DF34C-7504-4FEE-9E0E-3A9E60BBC7D6}.Release.R25|x86.Build.0 = Release.R25|x86
		{055DF34C-7504-4FEE-9E0E-3A9E60BBC7D6}.Release.R26|Any CPU.ActiveCfg = Release|Any CPU
		{055DF34C-7504-4FEE-9E0E-3A9E60BBC7D6}.Release.R26|x64.ActiveCfg = Release.R26|x64
		{055DF34C-7504-4FEE-9E0E-3A9E60BBC7D6}.Release.R26|x64.Build.0 = Release.R26|x64
		{055DF34C-7504-4FEE-9E0E-3A9E60BBC7D6}.Release.R26|x86.ActiveCfg = Release.R26|x86
		{055DF34C-7504-4FEE-9E0E-3A9E60BBC7D6}.Release.R26|x86.Build.0 = Release.R26|x86
		{055DF34C-7504-4FEE-9E0E-3A9E60BBC7D6}.Release.R27|Any CPU.ActiveCfg = Release|Any CPU
		{055DF34C-7504-4FEE-9E0E-3A9E60BBC7D6}.Release.R27|x64.ActiveCfg = Release.R27|x64
		{055DF34C-7504-4FEE-9E0E-3A9E60BBC7D6}.Release.R27|x64.Build.0 = Release.R27|x64
		{055DF34C-7504-4FEE-9E0E-3A9E60BBC7D6}.Release.R27|x86.ActiveCfg = Release.R27|x86
		{055DF34C-7504-4FEE-9E0E-3A9E60BBC7D6}.Release.R27|x86.Build.0 = Release.R27|x86
		{055DF34C-7504-4FEE-9E0E-3A9E60BBC7D6}.Debug|Any CPU.ActiveCfg = Debug|Any CPU
		{055DF34C-7504-4FEE-9E0E-3A9E60BBC7D6}.Debug|Any CPU.Build.0 = Debug|Any CPU
		{055DF34C-7504-4FEE-9E0E-3A9E60BBC7D6}.Debug|x64.ActiveCfg = Debug|x64
		{055DF34C-7504-4FEE-9E0E-3A9E60BBC7D6}.Debug|x64.Build.0 = Debug|x64
		{055DF34C-7504-4FEE-9E0E-3A9E60BBC7D6}.Debug|x86.ActiveCfg = Debug|x86
		{055DF34C-7504-4FEE-9E0E-3A9E60BBC7D6}.Debug|x86.Build.0 = Debug|x86
		{055DF34C-7504-4FEE-9E0E-3A9E60BBC7D6}.Release|Any CPU.ActiveCfg = Release|Any CPU
		{055DF34C-7504-4FEE-9E0E-3A9E60BBC7D6}.Release|Any CPU.Build.0 = Release|Any CPU
		{055DF34C-7504-4FEE-9E0E-3A9E60BBC7D6}.Release|x64.ActiveCfg = Release|x64
		{055DF34C-7504-4FEE-9E0E-3A9E60BBC7D6}.Release|x64.Build.0 = Release|x64
		{055DF34C-7504-4FEE-9E0E-3A9E60BBC7D6}.Release|x86.ActiveCfg = Release|x86
		{055DF34C-7504-4FEE-9E0E-3A9E60BBC7D6}.Release|x86.Build.0 = Release|x86
		{AE4E397D-4A58-4E96-AF24-007CCE229CCF}.Debug.R23|Any CPU.ActiveCfg = Debug|Any CPU
		{AE4E397D-4A58-4E96-AF24-007CCE229CCF}.Debug.R23|x64.ActiveCfg = Debug.R23|x64
		{AE4E397D-4A58-4E96-AF24-007CCE229CCF}.Debug.R23|x64.Build.0 = Debug.R23|x64
		{AE4E397D-4A58-4E96-AF24-007CCE229CCF}.Debug.R23|x86.ActiveCfg = Debug.R23|x86
		{AE4E397D-4A58-4E96-AF24-007CCE229CCF}.Debug.R23|x86.Build.0 = Debug.R23|x86
		{AE4E397D-4A58-4E96-AF24-007CCE229CCF}.Debug.R24|Any CPU.ActiveCfg = Debug|Any CPU
		{AE4E397D-4A58-4E96-AF24-007CCE229CCF}.Debug.R24|x64.ActiveCfg = Debug.R24|x64
		{AE4E397D-4A58-4E96-AF24-007CCE229CCF}.Debug.R24|x64.Build.0 = Debug.R24|x64
		{AE4E397D-4A58-4E96-AF24-007CCE229CCF}.Debug.R24|x86.ActiveCfg = Debug.R24|x86
		{AE4E397D-4A58-4E96-AF24-007CCE229CCF}.Debug.R24|x86.Build.0 = Debug.R24|x86
		{AE4E397D-4A58-4E96-AF24-007CCE229CCF}.Debug.R25|Any CPU.ActiveCfg = Debug|Any CPU
		{AE4E397D-4A58-4E96-AF24-007CCE229CCF}.Debug.R25|x64.ActiveCfg = Debug.R25|x64
		{AE4E397D-4A58-4E96-AF24-007CCE229CCF}.Debug.R25|x64.Build.0 = Debug.R25|x64
		{AE4E397D-4A58-4E96-AF24-007CCE229CCF}.Debug.R25|x86.ActiveCfg = Debug.R25|x86
		{AE4E397D-4A58-4E96-AF24-007CCE229CCF}.Debug.R25|x86.Build.0 = Debug.R25|x86
		{AE4E397D-4A58-4E96-AF24-007CCE229CCF}.Debug.R26|Any CPU.ActiveCfg = Debug|Any CPU
		{AE4E397D-4A58-4E96-AF24-007CCE229CCF}.Debug.R26|x64.ActiveCfg = Debug.R26|x64
		{AE4E397D-4A58-4E96-AF24-007CCE229CCF}.Debug.R26|x64.Build.0 = Debug.R26|x64
		{AE4E397D-4A58-4E96-AF24-007CCE229CCF}.Debug.R26|x86.ActiveCfg = Debug.R26|x86
		{AE4E397D-4A58-4E96-AF24-007CCE229CCF}.Debug.R26|x86.Build.0 = Debug.R26|x86
		{AE4E397D-4A58-4E96-AF24-007CCE229CCF}.Debug.R27|Any CPU.ActiveCfg = Debug|Any CPU
		{AE4E397D-4A58-4E96-AF24-007CCE229CCF}.Debug.R27|x64.ActiveCfg = Debug.R27|x64
		{AE4E397D-4A58-4E96-AF24-007CCE229CCF}.Debug.R27|x64.Build.0 = Debug.R27|x64
		{AE4E397D-4A58-4E96-AF24-007CCE229CCF}.Debug.R27|x86.ActiveCfg = Debug.R27|x86
		{AE4E397D-4A58-4E96-AF24-007CCE229CCF}.Debug.R27|x86.Build.0 = Debug.R27|x86
		{AE4E397D-4A58-4E96-AF24-007CCE229CCF}.Release.R23|Any CPU.ActiveCfg = Release|Any CPU
		{AE4E397D-4A58-4E96-AF24-007CCE229CCF}.Release.R23|x64.ActiveCfg = Release.R23|x64
		{AE4E397D-4A58-4E96-AF24-007CCE229CCF}.Release.R23|x64.Build.0 = Release.R23|x64
		{AE4E397D-4A58-4E96-AF24-007CCE229CCF}.Release.R23|x86.ActiveCfg = Release.R23|x86
		{AE4E397D-4A58-4E96-AF24-007CCE229CCF}.Release.R23|x86.Build.0 = Release.R23|x86
		{AE4E397D-4A58-4E96-AF24-007CCE229CCF}.Release.R24|Any CPU.ActiveCfg = Release|Any CPU
		{AE4E397D-4A58-4E96-AF24-007CCE229CCF}.Release.R24|x64.ActiveCfg = Release.R24|x64
		{AE4E397D-4A58-4E96-AF24-007CCE229CCF}.Release.R24|x64.Build.0 = Release.R24|x64
		{AE4E397D-4A58-4E96-AF24-007CCE229CCF}.Release.R24|x86.ActiveCfg = Release.R24|x86
		{AE4E397D-4A58-4E96-AF24-007CCE229CCF}.Release.R24|x86.Build.0 = Release.R24|x86
		{AE4E397D-4A58-4E96-AF24-007CCE229CCF}.Release.R25|Any CPU.ActiveCfg = Release|Any CPU
		{AE4E397D-4A58-4E96-AF24-007CCE229CCF}.Release.R25|x64.ActiveCfg = Release.R25|x64
		{AE4E397D-4A58-4E96-AF24-007CCE229CCF}.Release.R25|x64.Build.0 = Release.R25|x64
		{AE4E397D-4A58-4E96-AF24-007CCE229CCF}.Release.R25|x86.ActiveCfg = Release.R25|x86
		{AE4E397D-4A58-4E96-AF24-007CCE229CCF}.Release.R25|x86.Build.0 = Release.R25|x86
		{AE4E397D-4A58-4E96-AF24-007CCE229CCF}.Release.R26|Any CPU.ActiveCfg = Release|Any CPU
		{AE4E397D-4A58-4E96-AF24-007CCE229CCF}.Release.R26|x64.ActiveCfg = Release.R26|x64
		{AE4E397D-4A58-4E96-AF24-007CCE229CCF}.Release.R26|x64.Build.0 = Release.R26|x64
		{AE4E397D-4A58-4E96-AF24-007CCE229CCF}.Release.R26|x86.ActiveCfg = Release.R26|x86
		{AE4E397D-4A58-4E96-AF24-007CCE229CCF}.Release.R26|x86.Build.0 = Release.R26|x86
		{AE4E397D-4A58-4E96-AF24-007CCE229CCF}.Release.R27|Any CPU.ActiveCfg = Release|Any CPU
		{AE4E397D-4A58-4E96-AF24-007CCE229CCF}.Release.R27|x64.ActiveCfg = Release.R27|x64
		{AE4E397D-4A58-4E96-AF24-007CCE229CCF}.Release.R27|x64.Build.0 = Release.R27|x64
		{AE4E397D-4A58-4E96-AF24-007CCE229CCF}.Release.R27|x86.ActiveCfg = Release.R27|x86
		{AE4E397D-4A58-4E96-AF24-007CCE229CCF}.Release.R27|x86.Build.0 = Release.R27|x86
		{AE4E397D-4A58-4E96-AF24-007CCE229CCF}.Debug|Any CPU.ActiveCfg = Debug|Any CPU
		{AE4E397D-4A58-4E96-AF24-007CCE229CCF}.Debug|Any CPU.Build.0 = Debug|Any CPU
		{AE4E397D-4A58-4E96-AF24-007CCE229CCF}.Debug|x64.ActiveCfg = Debug|x64
		{AE4E397D-4A58-4E96-AF24-007CCE229CCF}.Debug|x64.Build.0 = Debug|x64
		{AE4E397D-4A58-4E96-AF24-007CCE229CCF}.Debug|x86.ActiveCfg = Debug|x86
		{AE4E397D-4A58-4E96-AF24-007CCE229CCF}.Debug|x86.Build.0 = Debug|x86
		{AE4E397D-4A58-4E96-AF24-007CCE229CCF}.Release|Any CPU.ActiveCfg = Release|Any CPU
		{AE4E397D-4A58-4E96-AF24-007CCE229CCF}.Release|Any CPU.Build.0 = Release|Any CPU
		{AE4E397D-4A58-4E96-AF24-007CCE229CCF}.Release|x64.ActiveCfg = Release|x64
		{AE4E397D-4A58-4E96-AF24-007CCE229CCF}.Release|x64.Build.0 = Release|x64
		{AE4E397D-4A58-4E96-AF24-007CCE229CCF}.Release|x86.ActiveCfg = Release|x86
		{AE4E397D-4A58-4E96-AF24-007CCE229CCF}.Release|x86.Build.0 = Release|x86
		{9943628A-2341-4CC3-B284-FAF94DCEBE1B}.Debug.R23|Any CPU.ActiveCfg = Debug.R25|Any CPU
		{9943628A-2341-4CC3-B284-FAF94DCEBE1B}.Debug.R23|Any CPU.Build.0 = Debug.R25|Any CPU
		{9943628A-2341-4CC3-B284-FAF94DCEBE1B}.Debug.R23|x64.ActiveCfg = Debug.R25|Any CPU
		{9943628A-2341-4CC3-B284-FAF94DCEBE1B}.Debug.R23|x64.Build.0 = Debug.R25|Any CPU
		{9943628A-2341-4CC3-B284-FAF94DCEBE1B}.Debug.R23|x86.ActiveCfg = Debug.R25|Any CPU
		{9943628A-2341-4CC3-B284-FAF94DCEBE1B}.Debug.R23|x86.Build.0 = Debug.R25|Any CPU
		{9943628A-2341-4CC3-B284-FAF94DCEBE1B}.Debug.R24|Any CPU.ActiveCfg = Debug.R25|Any CPU
		{9943628A-2341-4CC3-B284-FAF94DCEBE1B}.Debug.R24|Any CPU.Build.0 = Debug.R25|Any CPU
		{9943628A-2341-4CC3-B284-FAF94DCEBE1B}.Debug.R24|x64.ActiveCfg = Debug.R25|Any CPU
		{9943628A-2341-4CC3-B284-FAF94DCEBE1B}.Debug.R24|x64.Build.0 = Debug.R25|Any CPU
		{9943628A-2341-4CC3-B284-FAF94DCEBE1B}.Debug.R24|x86.ActiveCfg = Debug.R25|Any CPU
		{9943628A-2341-4CC3-B284-FAF94DCEBE1B}.Debug.R24|x86.Build.0 = Debug.R25|Any CPU
		{9943628A-2341-4CC3-B284-FAF94DCEBE1B}.Debug.R25|Any CPU.ActiveCfg = Debug.R25|Any CPU
		{9943628A-2341-4CC3-B284-FAF94DCEBE1B}.Debug.R25|Any CPU.Build.0 = Debug.R25|Any CPU
		{9943628A-2341-4CC3-B284-FAF94DCEBE1B}.Debug.R25|x64.ActiveCfg = Debug.R25|Any CPU
		{9943628A-2341-4CC3-B284-FAF94DCEBE1B}.Debug.R25|x64.Build.0 = Debug.R25|Any CPU
		{9943628A-2341-4CC3-B284-FAF94DCEBE1B}.Debug.R25|x86.ActiveCfg = Debug.R25|Any CPU
		{9943628A-2341-4CC3-B284-FAF94DCEBE1B}.Debug.R25|x86.Build.0 = Debug.R25|Any CPU
		{9943628A-2341-4CC3-B284-FAF94DCEBE1B}.Debug.R26|Any CPU.ActiveCfg = Debug.R26|Any CPU
		{9943628A-2341-4CC3-B284-FAF94DCEBE1B}.Debug.R26|Any CPU.Build.0 = Debug.R26|Any CPU
		{9943628A-2341-4CC3-B284-FAF94DCEBE1B}.Debug.R26|x64.ActiveCfg = Debug.R26|Any CPU
		{9943628A-2341-4CC3-B284-FAF94DCEBE1B}.Debug.R26|x64.Build.0 = Debug.R26|Any CPU
		{9943628A-2341-4CC3-B284-FAF94DCEBE1B}.Debug.R26|x86.ActiveCfg = Debug.R26|Any CPU
		{9943628A-2341-4CC3-B284-FAF94DCEBE1B}.Debug.R26|x86.Build.0 = Debug.R26|Any CPU
		{9943628A-2341-4CC3-B284-FAF94DCEBE1B}.Debug.R27|Any CPU.ActiveCfg = Debug.R27|Any CPU
		{9943628A-2341-4CC3-B284-FAF94DCEBE1B}.Debug.R27|Any CPU.Build.0 = Debug.R27|Any CPU
		{9943628A-2341-4CC3-B284-FAF94DCEBE1B}.Debug.R27|x64.ActiveCfg = Debug.R27|Any CPU
		{9943628A-2341-4CC3-B284-FAF94DCEBE1B}.Debug.R27|x64.Build.0 = Debug.R27|Any CPU
		{9943628A-2341-4CC3-B284-FAF94DCEBE1B}.Debug.R27|x86.ActiveCfg = Debug.R27|Any CPU
		{9943628A-2341-4CC3-B284-FAF94DCEBE1B}.Debug.R27|x86.Build.0 = Debug.R27|Any CPU
		{9943628A-2341-4CC3-B284-FAF94DCEBE1B}.Release.R23|Any CPU.ActiveCfg = Debug.R25|Any CPU
		{9943628A-2341-4CC3-B284-FAF94DCEBE1B}.Release.R23|Any CPU.Build.0 = Debug.R25|Any CPU
		{9943628A-2341-4CC3-B284-FAF94DCEBE1B}.Release.R23|x64.ActiveCfg = Debug.R25|Any CPU
		{9943628A-2341-4CC3-B284-FAF94DCEBE1B}.Release.R23|x64.Build.0 = Debug.R25|Any CPU
		{9943628A-2341-4CC3-B284-FAF94DCEBE1B}.Release.R23|x86.ActiveCfg = Debug.R25|Any CPU
		{9943628A-2341-4CC3-B284-FAF94DCEBE1B}.Release.R23|x86.Build.0 = Debug.R25|Any CPU
		{9943628A-2341-4CC3-B284-FAF94DCEBE1B}.Release.R24|Any CPU.ActiveCfg = Debug.R25|Any CPU
		{9943628A-2341-4CC3-B284-FAF94DCEBE1B}.Release.R24|Any CPU.Build.0 = Debug.R25|Any CPU
		{9943628A-2341-4CC3-B284-FAF94DCEBE1B}.Release.R24|x64.ActiveCfg = Debug.R25|Any CPU
		{9943628A-2341-4CC3-B284-FAF94DCEBE1B}.Release.R24|x64.Build.0 = Debug.R25|Any CPU
		{9943628A-2341-4CC3-B284-FAF94DCEBE1B}.Release.R24|x86.ActiveCfg = Debug.R25|Any CPU
		{9943628A-2341-4CC3-B284-FAF94DCEBE1B}.Release.R24|x86.Build.0 = Debug.R25|Any CPU
		{9943628A-2341-4CC3-B284-FAF94DCEBE1B}.Release.R25|Any CPU.ActiveCfg = Release.R25|Any CPU
		{9943628A-2341-4CC3-B284-FAF94DCEBE1B}.Release.R25|Any CPU.Build.0 = Release.R25|Any CPU
		{9943628A-2341-4CC3-B284-FAF94DCEBE1B}.Release.R25|x64.ActiveCfg = Release.R25|Any CPU
		{9943628A-2341-4CC3-B284-FAF94DCEBE1B}.Release.R25|x64.Build.0 = Release.R25|Any CPU
		{9943628A-2341-4CC3-B284-FAF94DCEBE1B}.Release.R25|x86.ActiveCfg = Release.R25|Any CPU
		{9943628A-2341-4CC3-B284-FAF94DCEBE1B}.Release.R25|x86.Build.0 = Release.R25|Any CPU
		{9943628A-2341-4CC3-B284-FAF94DCEBE1B}.Release.R26|Any CPU.ActiveCfg = Release.R26|Any CPU
		{9943628A-2341-4CC3-B284-FAF94DCEBE1B}.Release.R26|Any CPU.Build.0 = Release.R26|Any CPU
		{9943628A-2341-4CC3-B284-FAF94DCEBE1B}.Release.R26|x64.ActiveCfg = Release.R26|Any CPU
		{9943628A-2341-4CC3-B284-FAF94DCEBE1B}.Release.R26|x64.Build.0 = Release.R26|Any CPU
		{9943628A-2341-4CC3-B284-FAF94DCEBE1B}.Release.R26|x86.ActiveCfg = Release.R26|Any CPU
		{9943628A-2341-4CC3-B284-FAF94DCEBE1B}.Release.R26|x86.Build.0 = Release.R26|Any CPU
		{9943628A-2341-4CC3-B284-FAF94DCEBE1B}.Release.R27|Any CPU.ActiveCfg = Release.R27|Any CPU
		{9943628A-2341-4CC3-B284-FAF94DCEBE1B}.Release.R27|Any CPU.Build.0 = Release.R27|Any CPU
		{9943628A-2341-4CC3-B284-FAF94DCEBE1B}.Release.R27|x64.ActiveCfg = Release.R27|Any CPU
		{9943628A-2341-4CC3-B284-FAF94DCEBE1B}.Release.R27|x64.Build.0 = Release.R27|Any CPU
		{9943628A-2341-4CC3-B284-FAF94DCEBE1B}.Release.R27|x86.ActiveCfg = Release.R27|Any CPU
		{9943628A-2341-4CC3-B284-FAF94DCEBE1B}.Release.R27|x86.Build.0 = Release.R27|Any CPU
		{9943628A-2341-4CC3-B284-FAF94DCEBE1B}.Debug|Any CPU.ActiveCfg = Debug.R25|Any CPU
		{9943628A-2341-4CC3-B284-FAF94DCEBE1B}.Debug|Any CPU.Build.0 = Debug.R25|Any CPU
		{9943628A-2341-4CC3-B284-FAF94DCEBE1B}.Debug|x64.ActiveCfg = Debug.R25|Any CPU
		{9943628A-2341-4CC3-B284-FAF94DCEBE1B}.Debug|x64.Build.0 = Debug.R25|Any CPU
		{9943628A-2341-4CC3-B284-FAF94DCEBE1B}.Debug|x86.ActiveCfg = Debug.R25|Any CPU
		{9943628A-2341-4CC3-B284-FAF94DCEBE1B}.Debug|x86.Build.0 = Debug.R25|Any CPU
		{9943628A-2341-4CC3-B284-FAF94DCEBE1B}.Release|Any CPU.ActiveCfg = Release.R25|Any CPU
		{9943628A-2341-4CC3-B284-FAF94DCEBE1B}.Release|Any CPU.Build.0 = Release.R25|Any CPU
		{9943628A-2341-4CC3-B284-FAF94DCEBE1B}.Release|x64.ActiveCfg = Release.R25|Any CPU
		{9943628A-2341-4CC3-B284-FAF94DCEBE1B}.Release|x64.Build.0 = Release.R25|Any CPU
		{9943628A-2341-4CC3-B284-FAF94DCEBE1B}.Release|x86.ActiveCfg = Release.R25|Any CPU
		{9943628A-2341-4CC3-B284-FAF94DCEBE1B}.Release|x86.Build.0 = Release.R25|Any CPU
		{2B7C2AE4-932C-4F40-BCE8-191C4FD27FD5}.Debug.R23|Any CPU.ActiveCfg = Debug|Any CPU
		{2B7C2AE4-932C-4F40-BCE8-191C4FD27FD5}.Debug.R23|Any CPU.Build.0 = Debug|Any CPU
		{2B7C2AE4-932C-4F40-BCE8-191C4FD27FD5}.Debug.R23|x64.ActiveCfg = Debug|Any CPU
		{2B7C2AE4-932C-4F40-BCE8-191C4FD27FD5}.Debug.R23|x64.Build.0 = Debug|Any CPU
		{2B7C2AE4-932C-4F40-BCE8-191C4FD27FD5}.Debug.R23|x86.ActiveCfg = Debug|Any CPU
		{2B7C2AE4-932C-4F40-BCE8-191C4FD27FD5}.Debug.R23|x86.Build.0 = Debug|Any CPU
		{2B7C2AE4-932C-4F40-BCE8-191C4FD27FD5}.Debug.R24|Any CPU.ActiveCfg = Debug|Any CPU
		{2B7C2AE4-932C-4F40-BCE8-191C4FD27FD5}.Debug.R24|Any CPU.Build.0 = Debug|Any CPU
		{2B7C2AE4-932C-4F40-BCE8-191C4FD27FD5}.Debug.R24|x64.ActiveCfg = Debug|Any CPU
		{2B7C2AE4-932C-4F40-BCE8-191C4FD27FD5}.Debug.R24|x64.Build.0 = Debug|Any CPU
		{2B7C2AE4-932C-4F40-BCE8-191C4FD27FD5}.Debug.R24|x86.ActiveCfg = Debug|Any CPU
		{2B7C2AE4-932C-4F40-BCE8-191C4FD27FD5}.Debug.R24|x86.Build.0 = Debug|Any CPU
		{2B7C2AE4-932C-4F40-BCE8-191C4FD27FD5}.Debug.R25|Any CPU.ActiveCfg = Debug|Any CPU
		{2B7C2AE4-932C-4F40-BCE8-191C4FD27FD5}.Debug.R25|Any CPU.Build.0 = Debug|Any CPU
		{2B7C2AE4-932C-4F40-BCE8-191C4FD27FD5}.Debug.R25|x64.ActiveCfg = Debug|Any CPU
		{2B7C2AE4-932C-4F40-BCE8-191C4FD27FD5}.Debug.R25|x64.Build.0 = Debug|Any CPU
		{2B7C2AE4-932C-4F40-BCE8-191C4FD27FD5}.Debug.R25|x86.ActiveCfg = Debug|Any CPU
		{2B7C2AE4-932C-4F40-BCE8-191C4FD27FD5}.Debug.R25|x86.Build.0 = Debug|Any CPU
		{2B7C2AE4-932C-4F40-BCE8-191C4FD27FD5}.Debug.R26|Any CPU.ActiveCfg = Debug|Any CPU
		{2B7C2AE4-932C-4F40-BCE8-191C4FD27FD5}.Debug.R26|Any CPU.Build.0 = Debug|Any CPU
		{2B7C2AE4-932C-4F40-BCE8-191C4FD27FD5}.Debug.R26|x64.ActiveCfg = Debug|Any CPU
		{2B7C2AE4-932C-4F40-BCE8-191C4FD27FD5}.Debug.R26|x64.Build.0 = Debug|Any CPU
		{2B7C2AE4-932C-4F40-BCE8-191C4FD27FD5}.Debug.R26|x86.ActiveCfg = Debug|Any CPU
		{2B7C2AE4-932C-4F40-BCE8-191C4FD27FD5}.Debug.R26|x86.Build.0 = Debug|Any CPU
		{2B7C2AE4-932C-4F40-BCE8-191C4FD27FD5}.Debug.R27|Any CPU.ActiveCfg = Debug|Any CPU
		{2B7C2AE4-932C-4F40-BCE8-191C4FD27FD5}.Debug.R27|Any CPU.Build.0 = Debug|Any CPU
		{2B7C2AE4-932C-4F40-BCE8-191C4FD27FD5}.Debug.R27|x64.ActiveCfg = Debug|Any CPU
		{2B7C2AE4-932C-4F40-BCE8-191C4FD27FD5}.Debug.R27|x64.Build.0 = Debug|Any CPU
		{2B7C2AE4-932C-4F40-BCE8-191C4FD27FD5}.Debug.R27|x86.ActiveCfg = Debug|Any CPU
		{2B7C2AE4-932C-4F40-BCE8-191C4FD27FD5}.Debug.R27|x86.Build.0 = Debug|Any CPU
		{2B7C2AE4-932C-4F40-BCE8-191C4FD27FD5}.Release.R23|Any CPU.ActiveCfg = Release|Any CPU
		{2B7C2AE4-932C-4F40-BCE8-191C4FD27FD5}.Release.R23|Any CPU.Build.0 = Release|Any CPU
		{2B7C2AE4-932C-4F40-BCE8-191C4FD27FD5}.Release.R23|x64.ActiveCfg = Release|Any CPU
		{2B7C2AE4-932C-4F40-BCE8-191C4FD27FD5}.Release.R23|x64.Build.0 = Release|Any CPU
		{2B7C2AE4-932C-4F40-BCE8-191C4FD27FD5}.Release.R23|x86.ActiveCfg = Release|Any CPU
		{2B7C2AE4-932C-4F40-BCE8-191C4FD27FD5}.Release.R23|x86.Build.0 = Release|Any CPU
		{2B7C2AE4-932C-4F40-BCE8-191C4FD27FD5}.Release.R24|Any CPU.ActiveCfg = Release|Any CPU
		{2B7C2AE4-932C-4F40-BCE8-191C4FD27FD5}.Release.R24|Any CPU.Build.0 = Release|Any CPU
		{2B7C2AE4-932C-4F40-BCE8-191C4FD27FD5}.Release.R24|x64.ActiveCfg = Release|Any CPU
		{2B7C2AE4-932C-4F40-BCE8-191C4FD27FD5}.Release.R24|x64.Build.0 = Release|Any CPU
		{2B7C2AE4-932C-4F40-BCE8-191C4FD27FD5}.Release.R24|x86.ActiveCfg = Release|Any CPU
		{2B7C2AE4-932C-4F40-BCE8-191C4FD27FD5}.Release.R24|x86.Build.0 = Release|Any CPU
		{2B7C2AE4-932C-4F40-BCE8-191C4FD27FD5}.Release.R25|Any CPU.ActiveCfg = Release|Any CPU
		{2B7C2AE4-932C-4F40-BCE8-191C4FD27FD5}.Release.R25|Any CPU.Build.0 = Release|Any CPU
		{2B7C2AE4-932C-4F40-BCE8-191C4FD27FD5}.Release.R25|x64.ActiveCfg = Release|Any CPU
		{2B7C2AE4-932C-4F40-BCE8-191C4FD27FD5}.Release.R25|x64.Build.0 = Release|Any CPU
		{2B7C2AE4-932C-4F40-BCE8-191C4FD27FD5}.Release.R25|x86.ActiveCfg = Release|Any CPU
		{2B7C2AE4-932C-4F40-BCE8-191C4FD27FD5}.Release.R25|x86.Build.0 = Release|Any CPU
		{2B7C2AE4-932C-4F40-BCE8-191C4FD27FD5}.Release.R26|Any CPU.ActiveCfg = Release|Any CPU
		{2B7C2AE4-932C-4F40-BCE8-191C4FD27FD5}.Release.R26|Any CPU.Build.0 = Release|Any CPU
		{2B7C2AE4-932C-4F40-BCE8-191C4FD27FD5}.Release.R26|x64.ActiveCfg = Release|Any CPU
		{2B7C2AE4-932C-4F40-BCE8-191C4FD27FD5}.Release.R26|x64.Build.0 = Release|Any CPU
		{2B7C2AE4-932C-4F40-BCE8-191C4FD27FD5}.Release.R26|x86.ActiveCfg = Release|Any CPU
		{2B7C2AE4-932C-4F40-BCE8-191C4FD27FD5}.Release.R26|x86.Build.0 = Release|Any CPU
		{2B7C2AE4-932C-4F40-BCE8-191C4FD27FD5}.Release.R27|Any CPU.ActiveCfg = Release|Any CPU
		{2B7C2AE4-932C-4F40-BCE8-191C4FD27FD5}.Release.R27|Any CPU.Build.0 = Release|Any CPU
		{2B7C2AE4-932C-4F40-BCE8-191C4FD27FD5}.Release.R27|x64.ActiveCfg = Release|Any CPU
		{2B7C2AE4-932C-4F40-BCE8-191C4FD27FD5}.Release.R27|x64.Build.0 = Release|Any CPU
		{2B7C2AE4-932C-4F40-BCE8-191C4FD27FD5}.Release.R27|x86.ActiveCfg = Release|Any CPU
		{2B7C2AE4-932C-4F40-BCE8-191C4FD27FD5}.Release.R27|x86.Build.0 = Release|Any CPU
		{2B7C2AE4-932C-4F40-BCE8-191C4FD27FD5}.Debug|Any CPU.ActiveCfg = Debug|Any CPU
		{2B7C2AE4-932C-4F40-BCE8-191C4FD27FD5}.Debug|Any CPU.Build.0 = Debug|Any CPU
		{2B7C2AE4-932C-4F40-BCE8-191C4FD27FD5}.Debug|x64.ActiveCfg = Debug|Any CPU
		{2B7C2AE4-932C-4F40-BCE8-191C4FD27FD5}.Debug|x64.Build.0 = Debug|Any CPU
		{2B7C2AE4-932C-4F40-BCE8-191C4FD27FD5}.Debug|x86.ActiveCfg = Debug|Any CPU
		{2B7C2AE4-932C-4F40-BCE8-191C4FD27FD5}.Debug|x86.Build.0 = Debug|Any CPU
		{2B7C2AE4-932C-4F40-BCE8-191C4FD27FD5}.Release|Any CPU.ActiveCfg = Release|Any CPU
		{2B7C2AE4-932C-4F40-BCE8-191C4FD27FD5}.Release|Any CPU.Build.0 = Release|Any CPU
		{2B7C2AE4-932C-4F40-BCE8-191C4FD27FD5}.Release|x64.ActiveCfg = Release|Any CPU
		{2B7C2AE4-932C-4F40-BCE8-191C4FD27FD5}.Release|x64.Build.0 = Release|Any CPU
		{2B7C2AE4-932C-4F40-BCE8-191C4FD27FD5}.Release|x86.ActiveCfg = Release|Any CPU
		{2B7C2AE4-932C-4F40-BCE8-191C4FD27FD5}.Release|x86.Build.0 = Release|Any CPU
		{69C0A588-127D-4AF3-9DDB-1303CE87BFCC}.Debug.R23|Any CPU.ActiveCfg = Debug|Any CPU
		{69C0A588-127D-4AF3-9DDB-1303CE87BFCC}.Debug.R23|Any CPU.Build.0 = Debug|Any CPU
		{69C0A588-127D-4AF3-9DDB-1303CE87BFCC}.Debug.R23|x64.ActiveCfg = Debug|Any CPU
		{69C0A588-127D-4AF3-9DDB-1303CE87BFCC}.Debug.R23|x64.Build.0 = Debug|Any CPU
		{69C0A588-127D-4AF3-9DDB-1303CE87BFCC}.Debug.R23|x86.ActiveCfg = Debug|Any CPU
		{69C0A588-127D-4AF3-9DDB-1303CE87BFCC}.Debug.R23|x86.Build.0 = Debug|Any CPU
		{69C0A588-127D-4AF3-9DDB-1303CE87BFCC}.Debug.R24|Any CPU.ActiveCfg = Debug|Any CPU
		{69C0A588-127D-4AF3-9DDB-1303CE87BFCC}.Debug.R24|Any CPU.Build.0 = Debug|Any CPU
		{69C0A588-127D-4AF3-9DDB-1303CE87BFCC}.Debug.R24|x64.ActiveCfg = Debug|Any CPU
		{69C0A588-127D-4AF3-9DDB-1303CE87BFCC}.Debug.R24|x64.Build.0 = Debug|Any CPU
		{69C0A588-127D-4AF3-9DDB-1303CE87BFCC}.Debug.R24|x86.ActiveCfg = Debug|Any CPU
		{69C0A588-127D-4AF3-9DDB-1303CE87BFCC}.Debug.R24|x86.Build.0 = Debug|Any CPU
		{69C0A588-127D-4AF3-9DDB-1303CE87BFCC}.Debug.R25|Any CPU.ActiveCfg = Debug|Any CPU
		{69C0A588-127D-4AF3-9DDB-1303CE87BFCC}.Debug.R25|Any CPU.Build.0 = Debug|Any CPU
		{69C0A588-127D-4AF3-9DDB-1303CE87BFCC}.Debug.R25|x64.ActiveCfg = Debug|Any CPU
		{69C0A588-127D-4AF3-9DDB-1303CE87BFCC}.Debug.R25|x64.Build.0 = Debug|Any CPU
		{69C0A588-127D-4AF3-9DDB-1303CE87BFCC}.Debug.R25|x86.ActiveCfg = Debug|Any CPU
		{69C0A588-127D-4AF3-9DDB-1303CE87BFCC}.Debug.R25|x86.Build.0 = Debug|Any CPU
		{69C0A588-127D-4AF3-9DDB-1303CE87BFCC}.Debug.R26|Any CPU.ActiveCfg = Debug|Any CPU
		{69C0A588-127D-4AF3-9DDB-1303CE87BFCC}.Debug.R26|Any CPU.Build.0 = Debug|Any CPU
		{69C0A588-127D-4AF3-9DDB-1303CE87BFCC}.Debug.R26|x64.ActiveCfg = Debug|Any CPU
		{69C0A588-127D-4AF3-9DDB-1303CE87BFCC}.Debug.R26|x64.Build.0 = Debug|Any CPU
		{69C0A588-127D-4AF3-9DDB-1303CE87BFCC}.Debug.R26|x86.ActiveCfg = Debug|Any CPU
		{69C0A588-127D-4AF3-9DDB-1303CE87BFCC}.Debug.R26|x86.Build.0 = Debug|Any CPU
		{69C0A588-127D-4AF3-9DDB-1303CE87BFCC}.Debug.R27|Any CPU.ActiveCfg = Debug|Any CPU
		{69C0A588-127D-4AF3-9DDB-1303CE87BFCC}.Debug.R27|Any CPU.Build.0 = Debug|Any CPU
		{69C0A588-127D-4AF3-9DDB-1303CE87BFCC}.Debug.R27|x64.ActiveCfg = Debug|Any CPU
		{69C0A588-127D-4AF3-9DDB-1303CE87BFCC}.Debug.R27|x64.Build.0 = Debug|Any CPU
		{69C0A588-127D-4AF3-9DDB-1303CE87BFCC}.Debug.R27|x86.ActiveCfg = Debug|Any CPU
		{69C0A588-127D-4AF3-9DDB-1303CE87BFCC}.Debug.R27|x86.Build.0 = Debug|Any CPU
		{69C0A588-127D-4AF3-9DDB-1303CE87BFCC}.Release.R23|Any CPU.ActiveCfg = Debug|Any CPU
		{69C0A588-127D-4AF3-9DDB-1303CE87BFCC}.Release.R23|Any CPU.Build.0 = Debug|Any CPU
		{69C0A588-127D-4AF3-9DDB-1303CE87BFCC}.Release.R23|x64.ActiveCfg = Debug|Any CPU
		{69C0A588-127D-4AF3-9DDB-1303CE87BFCC}.Release.R23|x64.Build.0 = Debug|Any CPU
		{69C0A588-127D-4AF3-9DDB-1303CE87BFCC}.Release.R23|x86.ActiveCfg = Debug|Any CPU
		{69C0A588-127D-4AF3-9DDB-1303CE87BFCC}.Release.R23|x86.Build.0 = Debug|Any CPU
		{69C0A588-127D-4AF3-9DDB-1303CE87BFCC}.Release.R24|Any CPU.ActiveCfg = Debug|Any CPU
		{69C0A588-127D-4AF3-9DDB-1303CE87BFCC}.Release.R24|Any CPU.Build.0 = Debug|Any CPU
		{69C0A588-127D-4AF3-9DDB-1303CE87BFCC}.Release.R24|x64.ActiveCfg = Debug|Any CPU
		{69C0A588-127D-4AF3-9DDB-1303CE87BFCC}.Release.R24|x64.Build.0 = Debug|Any CPU
		{69C0A588-127D-4AF3-9DDB-1303CE87BFCC}.Release.R24|x86.ActiveCfg = Debug|Any CPU
		{69C0A588-127D-4AF3-9DDB-1303CE87BFCC}.Release.R24|x86.Build.0 = Debug|Any CPU
		{69C0A588-127D-4AF3-9DDB-1303CE87BFCC}.Release.R25|Any CPU.ActiveCfg = Debug|Any CPU
		{69C0A588-127D-4AF3-9DDB-1303CE87BFCC}.Release.R25|Any CPU.Build.0 = Debug|Any CPU
		{69C0A588-127D-4AF3-9DDB-1303CE87BFCC}.Release.R25|x64.ActiveCfg = Debug|Any CPU
		{69C0A588-127D-4AF3-9DDB-1303CE87BFCC}.Release.R25|x64.Build.0 = Debug|Any CPU
		{69C0A588-127D-4AF3-9DDB-1303CE87BFCC}.Release.R25|x86.ActiveCfg = Debug|Any CPU
		{69C0A588-127D-4AF3-9DDB-1303CE87BFCC}.Release.R25|x86.Build.0 = Debug|Any CPU
		{69C0A588-127D-4AF3-9DDB-1303CE87BFCC}.Release.R26|Any CPU.ActiveCfg = Debug|Any CPU
		{69C0A588-127D-4AF3-9DDB-1303CE87BFCC}.Release.R26|Any CPU.Build.0 = Debug|Any CPU
		{69C0A588-127D-4AF3-9DDB-1303CE87BFCC}.Release.R26|x64.ActiveCfg = Debug|Any CPU
		{69C0A588-127D-4AF3-9DDB-1303CE87BFCC}.Release.R26|x64.Build.0 = Debug|Any CPU
		{69C0A588-127D-4AF3-9DDB-1303CE87BFCC}.Release.R26|x86.ActiveCfg = Debug|Any CPU
		{69C0A588-127D-4AF3-9DDB-1303CE87BFCC}.Release.R26|x86.Build.0 = Debug|Any CPU
		{69C0A588-127D-4AF3-9DDB-1303CE87BFCC}.Release.R27|Any CPU.ActiveCfg = Debug|Any CPU
		{69C0A588-127D-4AF3-9DDB-1303CE87BFCC}.Release.R27|Any CPU.Build.0 = Debug|Any CPU
		{69C0A588-127D-4AF3-9DDB-1303CE87BFCC}.Release.R27|x64.ActiveCfg = Debug|Any CPU
		{69C0A588-127D-4AF3-9DDB-1303CE87BFCC}.Release.R27|x64.Build.0 = Debug|Any CPU
		{69C0A588-127D-4AF3-9DDB-1303CE87BFCC}.Release.R27|x86.ActiveCfg = Debug|Any CPU
		{69C0A588-127D-4AF3-9DDB-1303CE87BFCC}.Release.R27|x86.Build.0 = Debug|Any CPU
		{69C0A588-127D-4AF3-9DDB-1303CE87BFCC}.Debug|Any CPU.ActiveCfg = Debug|Any CPU
		{69C0A588-127D-4AF3-9DDB-1303CE87BFCC}.Debug|Any CPU.Build.0 = Debug|Any CPU
		{69C0A588-127D-4AF3-9DDB-1303CE87BFCC}.Debug|x64.ActiveCfg = Debug|Any CPU
		{69C0A588-127D-4AF3-9DDB-1303CE87BFCC}.Debug|x64.Build.0 = Debug|Any CPU
		{69C0A588-127D-4AF3-9DDB-1303CE87BFCC}.Debug|x86.ActiveCfg = Debug|Any CPU
		{69C0A588-127D-4AF3-9DDB-1303CE87BFCC}.Debug|x86.Build.0 = Debug|Any CPU
		{69C0A588-127D-4AF3-9DDB-1303CE87BFCC}.Release|Any CPU.ActiveCfg = Release|Any CPU
		{69C0A588-127D-4AF3-9DDB-1303CE87BFCC}.Release|Any CPU.Build.0 = Release|Any CPU
		{69C0A588-127D-4AF3-9DDB-1303CE87BFCC}.Release|x64.ActiveCfg = Release|Any CPU
		{69C0A588-127D-4AF3-9DDB-1303CE87BFCC}.Release|x64.Build.0 = Release|Any CPU
		{69C0A588-127D-4AF3-9DDB-1303CE87BFCC}.Release|x86.ActiveCfg = Release|Any CPU
		{69C0A588-127D-4AF3-9DDB-1303CE87BFCC}.Release|x86.Build.0 = Release|Any CPU
		{91990884-AD05-47EE-B82D-BFDC029C3EED}.Debug.R23|Any CPU.ActiveCfg = Debug|Any CPU
		{91990884-AD05-47EE-B82D-BFDC029C3EED}.Debug.R23|Any CPU.Build.0 = Debug|Any CPU
		{91990884-AD05-47EE-B82D-BFDC029C3EED}.Debug.R23|x64.ActiveCfg = Debug|Any CPU
		{91990884-AD05-47EE-B82D-BFDC029C3EED}.Debug.R23|x64.Build.0 = Debug|Any CPU
		{91990884-AD05-47EE-B82D-BFDC029C3EED}.Debug.R23|x86.ActiveCfg = Debug|Any CPU
		{91990884-AD05-47EE-B82D-BFDC029C3EED}.Debug.R23|x86.Build.0 = Debug|Any CPU
		{91990884-AD05-47EE-B82D-BFDC029C3EED}.Debug.R24|Any CPU.ActiveCfg = Debug|Any CPU
		{91990884-AD05-47EE-B82D-BFDC029C3EED}.Debug.R24|Any CPU.Build.0 = Debug|Any CPU
		{91990884-AD05-47EE-B82D-BFDC029C3EED}.Debug.R24|x64.ActiveCfg = Debug|Any CPU
		{91990884-AD05-47EE-B82D-BFDC029C3EED}.Debug.R24|x64.Build.0 = Debug|Any CPU
		{91990884-AD05-47EE-B82D-BFDC029C3EED}.Debug.R24|x86.ActiveCfg = Debug|Any CPU
		{91990884-AD05-47EE-B82D-BFDC029C3EED}.Debug.R24|x86.Build.0 = Debug|Any CPU
		{91990884-AD05-47EE-B82D-BFDC029C3EED}.Debug.R25|Any CPU.ActiveCfg = Debug|Any CPU
		{91990884-AD05-47EE-B82D-BFDC029C3EED}.Debug.R25|Any CPU.Build.0 = Debug|Any CPU
		{91990884-AD05-47EE-B82D-BFDC029C3EED}.Debug.R25|x64.ActiveCfg = Debug|Any CPU
		{91990884-AD05-47EE-B82D-BFDC029C3EED}.Debug.R25|x64.Build.0 = Debug|Any CPU
		{91990884-AD05-47EE-B82D-BFDC029C3EED}.Debug.R25|x86.ActiveCfg = Debug|Any CPU
		{91990884-AD05-47EE-B82D-BFDC029C3EED}.Debug.R25|x86.Build.0 = Debug|Any CPU
		{91990884-AD05-47EE-B82D-BFDC029C3EED}.Debug.R26|Any CPU.ActiveCfg = Debug|Any CPU
		{91990884-AD05-47EE-B82D-BFDC029C3EED}.Debug.R26|Any CPU.Build.0 = Debug|Any CPU
		{91990884-AD05-47EE-B82D-BFDC029C3EED}.Debug.R26|x64.ActiveCfg = Debug|Any CPU
		{91990884-AD05-47EE-B82D-BFDC029C3EED}.Debug.R26|x64.Build.0 = Debug|Any CPU
		{91990884-AD05-47EE-B82D-BFDC029C3EED}.Debug.R26|x86.ActiveCfg = Debug|Any CPU
		{91990884-AD05-47EE-B82D-BFDC029C3EED}.Debug.R26|x86.Build.0 = Debug|Any CPU
		{91990884-AD05-47EE-B82D-BFDC029C3EED}.Debug.R27|Any CPU.ActiveCfg = Debug|Any CPU
		{91990884-AD05-47EE-B82D-BFDC029C3EED}.Debug.R27|Any CPU.Build.0 = Debug|Any CPU
		{91990884-AD05-47EE-B82D-BFDC029C3EED}.Debug.R27|x64.ActiveCfg = Debug|Any CPU
		{91990884-AD05-47EE-B82D-BFDC029C3EED}.Debug.R27|x64.Build.0 = Debug|Any CPU
		{91990884-AD05-47EE-B82D-BFDC029C3EED}.Debug.R27|x86.ActiveCfg = Debug|Any CPU
		{91990884-AD05-47EE-B82D-BFDC029C3EED}.Debug.R27|x86.Build.0 = Debug|Any CPU
		{91990884-AD05-47EE-B82D-BFDC029C3EED}.Release.R23|Any CPU.ActiveCfg = Debug|Any CPU
		{91990884-AD05-47EE-B82D-BFDC029C3EED}.Release.R23|Any CPU.Build.0 = Debug|Any CPU
		{91990884-AD05-47EE-B82D-BFDC029C3EED}.Release.R23|x64.ActiveCfg = Debug|Any CPU
		{91990884-AD05-47EE-B82D-BFDC029C3EED}.Release.R23|x64.Build.0 = Debug|Any CPU
		{91990884-AD05-47EE-B82D-BFDC029C3EED}.Release.R23|x86.ActiveCfg = Debug|Any CPU
		{91990884-AD05-47EE-B82D-BFDC029C3EED}.Release.R23|x86.Build.0 = Debug|Any CPU
		{91990884-AD05-47EE-B82D-BFDC029C3EED}.Release.R24|Any CPU.ActiveCfg = Debug|Any CPU
		{91990884-AD05-47EE-B82D-BFDC029C3EED}.Release.R24|Any CPU.Build.0 = Debug|Any CPU
		{91990884-AD05-47EE-B82D-BFDC029C3EED}.Release.R24|x64.ActiveCfg = Debug|Any CPU
		{91990884-AD05-47EE-B82D-BFDC029C3EED}.Release.R24|x64.Build.0 = Debug|Any CPU
		{91990884-AD05-47EE-B82D-BFDC029C3EED}.Release.R24|x86.ActiveCfg = Debug|Any CPU
		{91990884-AD05-47EE-B82D-BFDC029C3EED}.Release.R24|x86.Build.0 = Debug|Any CPU
		{91990884-AD05-47EE-B82D-BFDC029C3EED}.Release.R25|Any CPU.ActiveCfg = Debug|Any CPU
		{91990884-AD05-47EE-B82D-BFDC029C3EED}.Release.R25|Any CPU.Build.0 = Debug|Any CPU
		{91990884-AD05-47EE-B82D-BFDC029C3EED}.Release.R25|x64.ActiveCfg = Debug|Any CPU
		{91990884-AD05-47EE-B82D-BFDC029C3EED}.Release.R25|x64.Build.0 = Debug|Any CPU
		{91990884-AD05-47EE-B82D-BFDC029C3EED}.Release.R25|x86.ActiveCfg = Debug|Any CPU
		{91990884-AD05-47EE-B82D-BFDC029C3EED}.Release.R25|x86.Build.0 = Debug|Any CPU
		{91990884-AD05-47EE-B82D-BFDC029C3EED}.Release.R26|Any CPU.ActiveCfg = Debug|Any CPU
		{91990884-AD05-47EE-B82D-BFDC029C3EED}.Release.R26|Any CPU.Build.0 = Debug|Any CPU
		{91990884-AD05-47EE-B82D-BFDC029C3EED}.Release.R26|x64.ActiveCfg = Debug|Any CPU
		{91990884-AD05-47EE-B82D-BFDC029C3EED}.Release.R26|x64.Build.0 = Debug|Any CPU
		{91990884-AD05-47EE-B82D-BFDC029C3EED}.Release.R26|x86.ActiveCfg = Debug|Any CPU
		{91990884-AD05-47EE-B82D-BFDC029C3EED}.Release.R26|x86.Build.0 = Debug|Any CPU
		{91990884-AD05-47EE-B82D-BFDC029C3EED}.Release.R27|Any CPU.ActiveCfg = Debug|Any CPU
		{91990884-AD05-47EE-B82D-BFDC029C3EED}.Release.R27|Any CPU.Build.0 = Debug|Any CPU
		{91990884-AD05-47EE-B82D-BFDC029C3EED}.Release.R27|x64.ActiveCfg = Debug|Any CPU
		{91990884-AD05-47EE-B82D-BFDC029C3EED}.Release.R27|x64.Build.0 = Debug|Any CPU
		{91990884-AD05-47EE-B82D-BFDC029C3EED}.Release.R27|x86.ActiveCfg = Debug|Any CPU
		{91990884-AD05-47EE-B82D-BFDC029C3EED}.Release.R27|x86.Build.0 = Debug|Any CPU
		{91990884-AD05-47EE-B82D-BFDC029C3EED}.Debug|Any CPU.ActiveCfg = Debug|Any CPU
		{91990884-AD05-47EE-B82D-BFDC029C3EED}.Debug|Any CPU.Build.0 = Debug|Any CPU
		{91990884-AD05-47EE-B82D-BFDC029C3EED}.Debug|x64.ActiveCfg = Debug|Any CPU
		{91990884-AD05-47EE-B82D-BFDC029C3EED}.Debug|x64.Build.0 = Debug|Any CPU
		{91990884-AD05-47EE-B82D-BFDC029C3EED}.Debug|x86.ActiveCfg = Debug|Any CPU
		{91990884-AD05-47EE-B82D-BFDC029C3EED}.Debug|x86.Build.0 = Debug|Any CPU
		{91990884-AD05-47EE-B82D-BFDC029C3EED}.Release|Any CPU.ActiveCfg = Release|Any CPU
		{91990884-AD05-47EE-B82D-BFDC029C3EED}.Release|Any CPU.Build.0 = Release|Any CPU
		{91990884-AD05-47EE-B82D-BFDC029C3EED}.Release|x64.ActiveCfg = Release|Any CPU
		{91990884-AD05-47EE-B82D-BFDC029C3EED}.Release|x64.Build.0 = Release|Any CPU
		{91990884-AD05-47EE-B82D-BFDC029C3EED}.Release|x86.ActiveCfg = Release|Any CPU
		{91990884-AD05-47EE-B82D-BFDC029C3EED}.Release|x86.Build.0 = Release|Any CPU
	EndGlobalSection
	GlobalSection(SolutionProperties) = preSolution
		HideSolutionNode = FALSE
	EndGlobalSection
	GlobalSection(NestedProjects) = preSolution
		{055DF34C-7504-4FEE-9E0E-3A9E60BBC7D6} = {FFFFFFFF-FFFF-FFFF-FFFF-FFFFFFFFFFFF}
		{AE4E397D-4A58-4E96-AF24-007CCE229CCF} = {FFFFFFFF-FFFF-FFFF-FFFF-FFFFFFFFFFFF}
		{9943628A-2341-4CC3-B284-FAF94DCEBE1B} = {B8EFCA5F-814F-285C-A8CB-F00F14650265}
		{2B7C2AE4-932C-4F40-BCE8-191C4FD27FD5} = {B8EFCA5F-814F-285C-A8CB-F00F14650265}
		{69C0A588-127D-4AF3-9DDB-1303CE87BFCC} = {B8EFCA5F-814F-285C-A8CB-F00F14650265}
		{91990884-AD05-47EE-B82D-BFDC029C3EED} = {B8EFCA5F-814F-285C-A8CB-F00F14650265}
	EndGlobalSection
EndGlobal
